
Microsoft Visual Studio Solution File, Format Version 12.00
# Visual Studio Version 17
VisualStudioVersion = 17.9.34723.18
MinimumVisualStudioVersion = 10.0.40219.1
Project("{FAE04EC0-301F-11D3-BF4B-00C04F79EFBC}") = "Formulario", "Formulario.csproj", "{858223F7-C93C-4FCC-A63D-F673164E7A9A}"
EndProject
Global
	GlobalSection(SolutionConfigurationPlatforms) = preSolution
		Debug|Any CPU = Debug|Any CPU
		Release|Any CPU = Release|Any CPU
	EndGlobalSection
	GlobalSection(ProjectConfigurationPlatforms) = postSolution
		{858223F7-C93C-4FCC-A63D-F673164E7A9A}.Debug|Any CPU.ActiveCfg = Debug|Any CPU
		{858223F7-C93C-4FCC-A63D-F673164E7A9A}.Debug|Any CPU.Build.0 = Debug|Any CPU
		{858223F7-C93C-4FCC-A63D-F673164E7A9A}.Release|Any CPU.ActiveCfg = Release|Any CPU
		{858223F7-C93C-4FCC-A63D-F673164E7A9A}.Release|Any CPU.Build.0 = Release|Any CPU
	EndGlobalSection
	GlobalSection(SolutionProperties) = preSolution
		HideSolutionNode = FALSE
	EndGlobalSection
	GlobalSection(ExtensibilityGlobals) = postSolution
		SolutionGuid = {B0D35082-2E10-41B3-9F98-3A27A5861004}
	EndGlobalSection
EndGlobal
